
Microsoft Visual Studio Solution File, Format Version 12.00
# Visual Studio 14
VisualStudioVersion = 14.0.24720.0
MinimumVisualStudioVersion = 10.0.40219.1
Project("{FAE04EC0-301F-11D3-BF4B-00C04F79EFBC}") = "01_PracticeIntegers", "01_PracticeIntegers\01_PracticeIntegers.csproj", "{0467A6CA-82BA-47AB-842A-5A760B702F95}"
EndProject
Project("{FAE04EC0-301F-11D3-BF4B-00C04F79EFBC}") = "02_PracticeFloatingPoints", "02_PracticeFloatingPoints\02_PracticeFloatingPoints.csproj", "{D8A1E631-26C4-48B3-A15D-8C033EF2B8F7}"
EndProject
Project("{FAE04EC0-301F-11D3-BF4B-00C04F79EFBC}") = "03_PracticeCharsAndStrings", "03PracticeCharsAndStrings\03_PracticeCharsAndStrings.csproj", "{05AA3F7B-3151-42F8-A63D-8E469A89DB6F}"
EndProject
Project("{FAE04EC0-301F-11D3-BF4B-00C04F79EFBC}") = "04_VariableInHexFormat", "04_VariableInHexFormat\04_VariableInHexFormat.csproj", "{67D4E87C-7143-4837-884D-5F848E5EB3C3}"
EndProject
Project("{FAE04EC0-301F-11D3-BF4B-00C04F79EFBC}") = "05_BooleanVariable", "05_BooleanVariable\05_BooleanVariable.csproj", "{E5F24D9E-4AB5-4253-81CD-CD55EB94CBA1}"
EndProject
Project("{FAE04EC0-301F-11D3-BF4B-00C04F79EFBC}") = "06_StringsAndObjects", "06_StringsAndObjects\06_StringsAndObjects.csproj", "{C89E8D86-E0EF-4CD9-B571-28752EC21D41}"
EndProject
Project("{FAE04EC0-301F-11D3-BF4B-00C04F79EFBC}") = "07_ExchangeVariableValues", "07_ExchangeVariableValues\07_ExchangeVariableValues.csproj", "{633F27A7-D058-4917-90BC-273287F3528A}"
EndProject
Project("{FAE04EC0-301F-11D3-BF4B-00C04F79EFBC}") = "08_Employee_Data", "08_Employee_Data\08_Employee_Data.csproj", "{D45F1487-6101-4457-B504-62E7EE40D087}"
EndProject
Project("{FAE04EC0-301F-11D3-BF4B-00C04F79EFBC}") = "09_ReversedChars", "09_ReversedChars\09_ReversedChars.csproj", "{6A75628F-D72C-496C-A72B-582EC07AB8D5}"
EndProject
Project("{FAE04EC0-301F-11D3-BF4B-00C04F79EFBC}") = "10_Centuries2Nanoseconds", "10_Centuries2Nanoseconds\10_Centuries2Nanoseconds.csproj", "{543C545B-ADFC-4C2F-A844-A79065D485B3}"
EndProject
Global
	GlobalSection(SolutionConfigurationPlatforms) = preSolution
		Debug|Any CPU = Debug|Any CPU
		Release|Any CPU = Release|Any CPU
	EndGlobalSection
	GlobalSection(ProjectConfigurationPlatforms) = postSolution
		{0467A6CA-82BA-47AB-842A-5A760B702F95}.Debug|Any CPU.ActiveCfg = Debug|Any CPU
		{0467A6CA-82BA-47AB-842A-5A760B702F95}.Debug|Any CPU.Build.0 = Debug|Any CPU
		{0467A6CA-82BA-47AB-842A-5A760B702F95}.Release|Any CPU.ActiveCfg = Release|Any CPU
		{0467A6CA-82BA-47AB-842A-5A760B702F95}.Release|Any CPU.Build.0 = Release|Any CPU
		{D8A1E631-26C4-48B3-A15D-8C033EF2B8F7}.Debug|Any CPU.ActiveCfg = Debug|Any CPU
		{D8A1E631-26C4-48B3-A15D-8C033EF2B8F7}.Debug|Any CPU.Build.0 = Debug|Any CPU
		{D8A1E631-26C4-48B3-A15D-8C033EF2B8F7}.Release|Any CPU.ActiveCfg = Release|Any CPU
		{D8A1E631-26C4-48B3-A15D-8C033EF2B8F7}.Release|Any CPU.Build.0 = Release|Any CPU
		{05AA3F7B-3151-42F8-A63D-8E469A89DB6F}.Debug|Any CPU.ActiveCfg = Debug|Any CPU
		{05AA3F7B-3151-42F8-A63D-8E469A89DB6F}.Debug|Any CPU.Build.0 = Debug|Any CPU
		{05AA3F7B-3151-42F8-A63D-8E469A89DB6F}.Release|Any CPU.ActiveCfg = Release|Any CPU
		{05AA3F7B-3151-42F8-A63D-8E469A89DB6F}.Release|Any CPU.Build.0 = Release|Any CPU
		{67D4E87C-7143-4837-884D-5F848E5EB3C3}.Debug|Any CPU.ActiveCfg = Debug|Any CPU
		{67D4E87C-7143-4837-884D-5F848E5EB3C3}.Debug|Any CPU.Build.0 = Debug|Any CPU
		{67D4E87C-7143-4837-884D-5F848E5EB3C3}.Release|Any CPU.ActiveCfg = Release|Any CPU
		{67D4E87C-7143-4837-884D-5F848E5EB3C3}.Release|Any CPU.Build.0 = Release|Any CPU
		{E5F24D9E-4AB5-4253-81CD-CD55EB94CBA1}.Debug|Any CPU.ActiveCfg = Debug|Any CPU
		{E5F24D9E-4AB5-4253-81CD-CD55EB94CBA1}.Debug|Any CPU.Build.0 = Debug|Any CPU
		{E5F24D9E-4AB5-4253-81CD-CD55EB94CBA1}.Release|Any CPU.ActiveCfg = Release|Any CPU
		{E5F24D9E-4AB5-4253-81CD-CD55EB94CBA1}.Release|Any CPU.Build.0 = Release|Any CPU
		{C89E8D86-E0EF-4CD9-B571-28752EC21D41}.Debug|Any CPU.ActiveCfg = Debug|Any CPU
		{C89E8D86-E0EF-4CD9-B571-28752EC21D41}.Debug|Any CPU.Build.0 = Debug|Any CPU
		{C89E8D86-E0EF-4CD9-B571-28752EC21D41}.Release|Any CPU.ActiveCfg = Release|Any CPU
		{C89E8D86-E0EF-4CD9-B571-28752EC21D41}.Release|Any CPU.Build.0 = Release|Any CPU
		{633F27A7-D058-4917-90BC-273287F3528A}.Debug|Any CPU.ActiveCfg = Debug|Any CPU
		{633F27A7-D058-4917-90BC-273287F3528A}.Debug|Any CPU.Build.0 = Debug|Any CPU
		{633F27A7-D058-4917-90BC-273287F3528A}.Release|Any CPU.ActiveCfg = Release|Any CPU
		{633F27A7-D058-4917-90BC-273287F3528A}.Release|Any CPU.Build.0 = Release|Any CPU
		{D45F1487-6101-4457-B504-62E7EE40D087}.Debug|Any CPU.ActiveCfg = Debug|Any CPU
		{D45F1487-6101-4457-B504-62E7EE40D087}.Debug|Any CPU.Build.0 = Debug|Any CPU
		{D45F1487-6101-4457-B504-62E7EE40D087}.Release|Any CPU.ActiveCfg = Release|Any CPU
		{D45F1487-6101-4457-B504-62E7EE40D087}.Release|Any CPU.Build.0 = Release|Any CPU
		{6A75628F-D72C-496C-A72B-582EC07AB8D5}.Debug|Any CPU.ActiveCfg = Debug|Any CPU
		{6A75628F-D72C-496C-A72B-582EC07AB8D5}.Debug|Any CPU.Build.0 = Debug|Any CPU
		{6A75628F-D72C-496C-A72B-582EC07AB8D5}.Release|Any CPU.ActiveCfg = Release|Any CPU
		{6A75628F-D72C-496C-A72B-582EC07AB8D5}.Release|Any CPU.Build.0 = Release|Any CPU
		{543C545B-ADFC-4C2F-A844-A79065D485B3}.Debug|Any CPU.ActiveCfg = Debug|Any CPU
		{543C545B-ADFC-4C2F-A844-A79065D485B3}.Debug|Any CPU.Build.0 = Debug|Any CPU
		{543C545B-ADFC-4C2F-A844-A79065D485B3}.Release|Any CPU.ActiveCfg = Release|Any CPU
		{543C545B-ADFC-4C2F-A844-A79065D485B3}.Release|Any CPU.Build.0 = Release|Any CPU
	EndGlobalSection
	GlobalSection(SolutionProperties) = preSolution
		HideSolutionNode = FALSE
	EndGlobalSection
EndGlobal
