
Microsoft Visual Studio Solution File, Format Version 12.00
# Visual Studio 14
VisualStudioVersion = 14.0.24720.0
MinimumVisualStudioVersion = 10.0.40219.1
Project("{FAE04EC0-301F-11D3-BF4B-00C04F79EFBC}") = "01_SweetDessert", "01_SweetDessert\01_SweetDessert.csproj", "{39CAD8B8-D1C7-46BB-BD32-486616238D9B}"
EndProject
Project("{FAE04EC0-301F-11D3-BF4B-00C04F79EFBC}") = "02_ArrayModifier", "02_ArrayModifier\02_ArrayModifier.csproj", "{8A46929D-1FF5-44B1-9395-0A5ABD9698B6}"
EndProject
Project("{FAE04EC0-301F-11D3-BF4B-00C04F79EFBC}") = "03_TargetMultiplier", "03_TargetMultiplier\03_TargetMultiplier.csproj", "{266ED28A-7CCD-46EB-99A4-60ED391B6C01}"
EndProject
Project("{FAE04EC0-301F-11D3-BF4B-00C04F79EFBC}") = "04_PopulationAggregation", "04_PopulationAggregation\04_PopulationAggregation.csproj", "{E4F8225B-44FC-4BF5-B8EB-58F44F0230E9}"
EndProject
Global
	GlobalSection(SolutionConfigurationPlatforms) = preSolution
		Debug|Any CPU = Debug|Any CPU
		Release|Any CPU = Release|Any CPU
	EndGlobalSection
	GlobalSection(ProjectConfigurationPlatforms) = postSolution
		{39CAD8B8-D1C7-46BB-BD32-486616238D9B}.Debug|Any CPU.ActiveCfg = Debug|Any CPU
		{39CAD8B8-D1C7-46BB-BD32-486616238D9B}.Debug|Any CPU.Build.0 = Debug|Any CPU
		{39CAD8B8-D1C7-46BB-BD32-486616238D9B}.Release|Any CPU.ActiveCfg = Release|Any CPU
		{39CAD8B8-D1C7-46BB-BD32-486616238D9B}.Release|Any CPU.Build.0 = Release|Any CPU
		{8A46929D-1FF5-44B1-9395-0A5ABD9698B6}.Debug|Any CPU.ActiveCfg = Debug|Any CPU
		{8A46929D-1FF5-44B1-9395-0A5ABD9698B6}.Debug|Any CPU.Build.0 = Debug|Any CPU
		{8A46929D-1FF5-44B1-9395-0A5ABD9698B6}.Release|Any CPU.ActiveCfg = Release|Any CPU
		{8A46929D-1FF5-44B1-9395-0A5ABD9698B6}.Release|Any CPU.Build.0 = Release|Any CPU
		{266ED28A-7CCD-46EB-99A4-60ED391B6C01}.Debug|Any CPU.ActiveCfg = Debug|Any CPU
		{266ED28A-7CCD-46EB-99A4-60ED391B6C01}.Debug|Any CPU.Build.0 = Debug|Any CPU
		{266ED28A-7CCD-46EB-99A4-60ED391B6C01}.Release|Any CPU.ActiveCfg = Release|Any CPU
		{266ED28A-7CCD-46EB-99A4-60ED391B6C01}.Release|Any CPU.Build.0 = Release|Any CPU
		{E4F8225B-44FC-4BF5-B8EB-58F44F0230E9}.Debug|Any CPU.ActiveCfg = Debug|Any CPU
		{E4F8225B-44FC-4BF5-B8EB-58F44F0230E9}.Debug|Any CPU.Build.0 = Debug|Any CPU
		{E4F8225B-44FC-4BF5-B8EB-58F44F0230E9}.Release|Any CPU.ActiveCfg = Release|Any CPU
		{E4F8225B-44FC-4BF5-B8EB-58F44F0230E9}.Release|Any CPU.Build.0 = Release|Any CPU
	EndGlobalSection
	GlobalSection(SolutionProperties) = preSolution
		HideSolutionNode = FALSE
	EndGlobalSection
EndGlobal
