
Microsoft Visual Studio Solution File, Format Version 12.00
# Visual Studio 14
VisualStudioVersion = 14.0.24720.0
MinimumVisualStudioVersion = 10.0.40219.1
Project("{FAE04EC0-301F-11D3-BF4B-00C04F79EFBC}") = "02_ArrayManipulator", "02_ArrayManipulator\02_ArrayManipulator.csproj", "{208E3014-A71C-458F-B58A-53DD2C0AB320}"
EndProject
Project("{FAE04EC0-301F-11D3-BF4B-00C04F79EFBC}") = "03_FootballLeague", "03_FootballLeague\03_FootballLeague.csproj", "{434342C7-1E82-45B5-8EB3-EE6DEF963953}"
EndProject
Global
	GlobalSection(SolutionConfigurationPlatforms) = preSolution
		Debug|Any CPU = Debug|Any CPU
		Release|Any CPU = Release|Any CPU
	EndGlobalSection
	GlobalSection(ProjectConfigurationPlatforms) = postSolution
		{208E3014-A71C-458F-B58A-53DD2C0AB320}.Debug|Any CPU.ActiveCfg = Debug|Any CPU
		{208E3014-A71C-458F-B58A-53DD2C0AB320}.Debug|Any CPU.Build.0 = Debug|Any CPU
		{208E3014-A71C-458F-B58A-53DD2C0AB320}.Release|Any CPU.ActiveCfg = Release|Any CPU
		{208E3014-A71C-458F-B58A-53DD2C0AB320}.Release|Any CPU.Build.0 = Release|Any CPU
		{434342C7-1E82-45B5-8EB3-EE6DEF963953}.Debug|Any CPU.ActiveCfg = Debug|Any CPU
		{434342C7-1E82-45B5-8EB3-EE6DEF963953}.Debug|Any CPU.Build.0 = Debug|Any CPU
		{434342C7-1E82-45B5-8EB3-EE6DEF963953}.Release|Any CPU.ActiveCfg = Release|Any CPU
		{434342C7-1E82-45B5-8EB3-EE6DEF963953}.Release|Any CPU.Build.0 = Release|Any CPU
	EndGlobalSection
	GlobalSection(SolutionProperties) = preSolution
		HideSolutionNode = FALSE
	EndGlobalSection
EndGlobal
